
Microsoft Visual Studio Solution File, Format Version 12.00
# Visual Studio Version 17
VisualStudioVersion = 17.12.35527.113 d17.12
MinimumVisualStudioVersion = 10.0.40219.1
Project("{2150E333-8FDC-42A3-9474-1A3956D46DE8}") = "Services", "Services", "{DAE96132-B2EC-4549-BF68-40051F143E83}"
EndProject
Project("{2150E333-8FDC-42A3-9474-1A3956D46DE8}") = "Catalog", "Catalog", "{956DFCBD-8203-42DE-9191-D4138ADCE23B}"
EndProject
Project("{FAE04EC0-301F-11D3-BF4B-00C04F79EFBC}") = "CatalogAPI", "..\src\Services\Catalog\CatalogAPI\CatalogAPI.csproj", "{F3C0D8C8-924E-44B2-B09A-12DC38013C73}"
EndProject
Global
	GlobalSection(SolutionConfigurationPlatforms) = preSolution
		Debug|Any CPU = Debug|Any CPU
		Release|Any CPU = Release|Any CPU
	EndGlobalSection
	GlobalSection(ProjectConfigurationPlatforms) = postSolution
		{F3C0D8C8-924E-44B2-B09A-12DC38013C73}.Debug|Any CPU.ActiveCfg = Debug|Any CPU
		{F3C0D8C8-924E-44B2-B09A-12DC38013C73}.Debug|Any CPU.Build.0 = Debug|Any CPU
		{F3C0D8C8-924E-44B2-B09A-12DC38013C73}.Release|Any CPU.ActiveCfg = Release|Any CPU
		{F3C0D8C8-924E-44B2-B09A-12DC38013C73}.Release|Any CPU.Build.0 = Release|Any CPU
	EndGlobalSection
	GlobalSection(SolutionProperties) = preSolution
		HideSolutionNode = FALSE
	EndGlobalSection
	GlobalSection(NestedProjects) = preSolution
		{956DFCBD-8203-42DE-9191-D4138ADCE23B} = {DAE96132-B2EC-4549-BF68-40051F143E83}
		{F3C0D8C8-924E-44B2-B09A-12DC38013C73} = {956DFCBD-8203-42DE-9191-D4138ADCE23B}
	EndGlobalSection
EndGlobal
